
Microsoft Visual Studio Solution File, Format Version 12.00
# Visual Studio 2012
Project("{FAE04EC0-301F-11D3-BF4B-00C04F79EFBC}") = "RecordingExample", "RecordingExample\RecordingExample.csproj", "{BA079EF4-669A-4CA8-BEA2-A53A9BDC11EC}"
EndProject
Project("{FAE04EC0-301F-11D3-BF4B-00C04F79EFBC}") = "VoiceModel", "..\..\VoiceModel\VoiceModel.csproj", "{C1918322-CF2F-4A20-92B2-47A938DFD8B0}"
EndProject
Global
	GlobalSection(TeamFoundationVersionControl) = preSolution
		SccNumberOfProjects = 3
		SccEnterpriseProvider = {4CA58AB2-18FA-4F8D-95D4-32DDF27D184C}
		SccTeamFoundationServer = https://tfs.codeplex.com/tfs/tfs33
		SccLocalPath0 = .
		SccProjectUniqueName1 = RecordingExample\\RecordingExample.csproj
		SccProjectName1 = RecordingExample
		SccLocalPath1 = RecordingExample
		SccProjectUniqueName2 = ..\\..\\VoiceModel\\VoiceModel.csproj
		SccProjectName2 = ../../VoiceModel
		SccLocalPath2 = ..\\..\\VoiceModel
	EndGlobalSection
	GlobalSection(SolutionConfigurationPlatforms) = preSolution
		Debug|Any CPU = Debug|Any CPU
		Release|Any CPU = Release|Any CPU
	EndGlobalSection
	GlobalSection(ProjectConfigurationPlatforms) = postSolution
		{BA079EF4-669A-4CA8-BEA2-A53A9BDC11EC}.Debug|Any CPU.ActiveCfg = Debug|Any CPU
		{BA079EF4-669A-4CA8-BEA2-A53A9BDC11EC}.Debug|Any CPU.Build.0 = Debug|Any CPU
		{BA079EF4-669A-4CA8-BEA2-A53A9BDC11EC}.Release|Any CPU.ActiveCfg = Release|Any CPU
		{BA079EF4-669A-4CA8-BEA2-A53A9BDC11EC}.Release|Any CPU.Build.0 = Release|Any CPU
		{C1918322-CF2F-4A20-92B2-47A938DFD8B0}.Debug|Any CPU.ActiveCfg = Debug|Any CPU
		{C1918322-CF2F-4A20-92B2-47A938DFD8B0}.Debug|Any CPU.Build.0 = Debug|Any CPU
		{C1918322-CF2F-4A20-92B2-47A938DFD8B0}.Release|Any CPU.ActiveCfg = Release|Any CPU
		{C1918322-CF2F-4A20-92B2-47A938DFD8B0}.Release|Any CPU.Build.0 = Release|Any CPU
	EndGlobalSection
	GlobalSection(SolutionProperties) = preSolution
		HideSolutionNode = FALSE
	EndGlobalSection
EndGlobal
