
Microsoft Visual Studio Solution File, Format Version 11.00
# Visual Studio 2010
Project("{FAE04EC0-301F-11D3-BF4B-00C04F79EFBC}") = "VoiceModel", "..\..\VoiceModel\VoiceModel.csproj", "{C1918322-CF2F-4A20-92B2-47A938DFD8B0}"
EndProject
Project("{FAE04EC0-301F-11D3-BF4B-00C04F79EFBC}") = "MayhemVoice", "MayhemVoice\MayhemVoice.csproj", "{02894190-0055-4FDE-BA96-EE3D60F87943}"
EndProject
Global
	GlobalSection(TeamFoundationVersionControl) = preSolution
		SccNumberOfProjects = 3
		SccEnterpriseProvider = {4CA58AB2-18FA-4F8D-95D4-32DDF27D184C}
		SccTeamFoundationServer = https://tfs.codeplex.com/tfs/tfs33
		SccLocalPath0 = .
		SccProjectUniqueName1 = ..\\..\\VoiceModel\\VoiceModel.csproj
		SccProjectName1 = ../../VoiceModel
		SccLocalPath1 = ..\\..\\VoiceModel
		SccProjectUniqueName2 = MayhemVoice\\MayhemVoice.csproj
		SccProjectName2 = MayhemVoice
		SccLocalPath2 = MayhemVoice
	EndGlobalSection
	GlobalSection(SolutionConfigurationPlatforms) = preSolution
		Debug|Any CPU = Debug|Any CPU
		Release|Any CPU = Release|Any CPU
	EndGlobalSection
	GlobalSection(ProjectConfigurationPlatforms) = postSolution
		{C1918322-CF2F-4A20-92B2-47A938DFD8B0}.Debug|Any CPU.ActiveCfg = Debug|Any CPU
		{C1918322-CF2F-4A20-92B2-47A938DFD8B0}.Debug|Any CPU.Build.0 = Debug|Any CPU
		{C1918322-CF2F-4A20-92B2-47A938DFD8B0}.Release|Any CPU.ActiveCfg = Release|Any CPU
		{C1918322-CF2F-4A20-92B2-47A938DFD8B0}.Release|Any CPU.Build.0 = Release|Any CPU
		{02894190-0055-4FDE-BA96-EE3D60F87943}.Debug|Any CPU.ActiveCfg = Debug|Any CPU
		{02894190-0055-4FDE-BA96-EE3D60F87943}.Debug|Any CPU.Build.0 = Debug|Any CPU
		{02894190-0055-4FDE-BA96-EE3D60F87943}.Release|Any CPU.ActiveCfg = Release|Any CPU
		{02894190-0055-4FDE-BA96-EE3D60F87943}.Release|Any CPU.Build.0 = Release|Any CPU
	EndGlobalSection
	GlobalSection(SolutionProperties) = preSolution
		HideSolutionNode = FALSE
	EndGlobalSection
EndGlobal
