
Microsoft Visual Studio Solution File, Format Version 12.00
# Visual Studio 2012
Project("{FAE04EC0-301F-11D3-BF4B-00C04F79EFBC}") = "Survey.Voice", "Survey\Survey.Voice.csproj", "{C19607CE-2B69-42E1-8050-3602198DF9C2}"
EndProject
Project("{FAE04EC0-301F-11D3-BF4B-00C04F79EFBC}") = "VoiceModel", "..\..\VoiceModel\VoiceModel.csproj", "{C1918322-CF2F-4A20-92B2-47A938DFD8B0}"
EndProject
Project("{FAE04EC0-301F-11D3-BF4B-00C04F79EFBC}") = "Survey.Entities", "Survey.Entities\Survey.Entities.csproj", "{DF560A5F-CDB6-4D70-9AA4-C0A9AAB083AC}"
EndProject
Project("{FAE04EC0-301F-11D3-BF4B-00C04F79EFBC}") = "Survey.Repository", "Survey.Repository\Survey.Repository.csproj", "{7AD64915-37E5-454A-BEB8-A8588C2B205E}"
EndProject
Project("{FAE04EC0-301F-11D3-BF4B-00C04F79EFBC}") = "Survey.Service", "Survey.Service\Survey.Service.csproj", "{48D1BE43-8695-474D-B9E4-FD752A2FF1CD}"
EndProject
Project("{FAE04EC0-301F-11D3-BF4B-00C04F79EFBC}") = "Survey.Common", "Survey.Common\Survey.Common.csproj", "{4ED266CC-2A39-4EFA-BE48-6A1679FB3699}"
EndProject
Project("{FAE04EC0-301F-11D3-BF4B-00C04F79EFBC}") = "Survey.Service.Test", "Survey.Service.Test\Survey.Service.Test.csproj", "{0B3732F6-182F-45BB-87D5-7E564D29A9E6}"
EndProject
Global
	GlobalSection(TeamFoundationVersionControl) = preSolution
		SccNumberOfProjects = 8
		SccEnterpriseProvider = {4CA58AB2-18FA-4F8D-95D4-32DDF27D184C}
		SccTeamFoundationServer = https://tfs.codeplex.com/tfs/tfs33
		SccProjectUniqueName0 = ..\\..\\VoiceModel\\VoiceModel.csproj
		SccProjectName0 = ../../VoiceModel
		SccLocalPath0 = ..\\..\\VoiceModel
		SccLocalPath1 = .
		SccProjectUniqueName2 = Survey\\Survey.Voice.csproj
		SccProjectName2 = Survey
		SccLocalPath2 = Survey
		SccProjectUniqueName3 = Survey.Entities\\Survey.Entities.csproj
		SccProjectName3 = Survey.Entities
		SccLocalPath3 = Survey.Entities
		SccProjectUniqueName4 = Survey.Repository\\Survey.Repository.csproj
		SccProjectName4 = Survey.Repository
		SccLocalPath4 = Survey.Repository
		SccProjectUniqueName5 = Survey.Service\\Survey.Service.csproj
		SccProjectName5 = Survey.Service
		SccLocalPath5 = Survey.Service
		SccProjectUniqueName6 = Survey.Common\\Survey.Common.csproj
		SccProjectName6 = Survey.Common
		SccLocalPath6 = Survey.Common
		SccProjectUniqueName7 = Survey.Service.Test\\Survey.Service.Test.csproj
		SccProjectName7 = Survey.Service.Test
		SccLocalPath7 = Survey.Service.Test
	EndGlobalSection
	GlobalSection(SolutionConfigurationPlatforms) = preSolution
		Debug|Any CPU = Debug|Any CPU
		Release|Any CPU = Release|Any CPU
	EndGlobalSection
	GlobalSection(ProjectConfigurationPlatforms) = postSolution
		{C19607CE-2B69-42E1-8050-3602198DF9C2}.Debug|Any CPU.ActiveCfg = Debug|Any CPU
		{C19607CE-2B69-42E1-8050-3602198DF9C2}.Debug|Any CPU.Build.0 = Debug|Any CPU
		{C19607CE-2B69-42E1-8050-3602198DF9C2}.Release|Any CPU.ActiveCfg = Release|Any CPU
		{C19607CE-2B69-42E1-8050-3602198DF9C2}.Release|Any CPU.Build.0 = Release|Any CPU
		{C1918322-CF2F-4A20-92B2-47A938DFD8B0}.Debug|Any CPU.ActiveCfg = Debug|Any CPU
		{C1918322-CF2F-4A20-92B2-47A938DFD8B0}.Debug|Any CPU.Build.0 = Debug|Any CPU
		{C1918322-CF2F-4A20-92B2-47A938DFD8B0}.Release|Any CPU.ActiveCfg = Release|Any CPU
		{C1918322-CF2F-4A20-92B2-47A938DFD8B0}.Release|Any CPU.Build.0 = Release|Any CPU
		{DF560A5F-CDB6-4D70-9AA4-C0A9AAB083AC}.Debug|Any CPU.ActiveCfg = Debug|Any CPU
		{DF560A5F-CDB6-4D70-9AA4-C0A9AAB083AC}.Debug|Any CPU.Build.0 = Debug|Any CPU
		{DF560A5F-CDB6-4D70-9AA4-C0A9AAB083AC}.Release|Any CPU.ActiveCfg = Release|Any CPU
		{DF560A5F-CDB6-4D70-9AA4-C0A9AAB083AC}.Release|Any CPU.Build.0 = Release|Any CPU
		{7AD64915-37E5-454A-BEB8-A8588C2B205E}.Debug|Any CPU.ActiveCfg = Debug|Any CPU
		{7AD64915-37E5-454A-BEB8-A8588C2B205E}.Debug|Any CPU.Build.0 = Debug|Any CPU
		{7AD64915-37E5-454A-BEB8-A8588C2B205E}.Release|Any CPU.ActiveCfg = Release|Any CPU
		{7AD64915-37E5-454A-BEB8-A8588C2B205E}.Release|Any CPU.Build.0 = Release|Any CPU
		{48D1BE43-8695-474D-B9E4-FD752A2FF1CD}.Debug|Any CPU.ActiveCfg = Debug|Any CPU
		{48D1BE43-8695-474D-B9E4-FD752A2FF1CD}.Debug|Any CPU.Build.0 = Debug|Any CPU
		{48D1BE43-8695-474D-B9E4-FD752A2FF1CD}.Release|Any CPU.ActiveCfg = Release|Any CPU
		{48D1BE43-8695-474D-B9E4-FD752A2FF1CD}.Release|Any CPU.Build.0 = Release|Any CPU
		{4ED266CC-2A39-4EFA-BE48-6A1679FB3699}.Debug|Any CPU.ActiveCfg = Debug|Any CPU
		{4ED266CC-2A39-4EFA-BE48-6A1679FB3699}.Debug|Any CPU.Build.0 = Debug|Any CPU
		{4ED266CC-2A39-4EFA-BE48-6A1679FB3699}.Release|Any CPU.ActiveCfg = Release|Any CPU
		{4ED266CC-2A39-4EFA-BE48-6A1679FB3699}.Release|Any CPU.Build.0 = Release|Any CPU
		{0B3732F6-182F-45BB-87D5-7E564D29A9E6}.Debug|Any CPU.ActiveCfg = Debug|Any CPU
		{0B3732F6-182F-45BB-87D5-7E564D29A9E6}.Debug|Any CPU.Build.0 = Debug|Any CPU
		{0B3732F6-182F-45BB-87D5-7E564D29A9E6}.Release|Any CPU.ActiveCfg = Release|Any CPU
		{0B3732F6-182F-45BB-87D5-7E564D29A9E6}.Release|Any CPU.Build.0 = Release|Any CPU
	EndGlobalSection
	GlobalSection(SolutionProperties) = preSolution
		HideSolutionNode = FALSE
	EndGlobalSection
EndGlobal
