
Microsoft Visual Studio Solution File, Format Version 12.00
# Visual Studio 2012
Project("{FAE04EC0-301F-11D3-BF4B-00C04F79EFBC}") = "VoiceModel", "..\VoiceModel\VoiceModel.csproj", "{C1918322-CF2F-4A20-92B2-47A938DFD8B0}"
EndProject
Project("{FAE04EC0-301F-11D3-BF4B-00C04F79EFBC}") = "WeatherVoice", "..\Examples\WeatherVoice\WeatherVoice\WeatherVoice.csproj", "{1935E394-052A-477A-8A8C-379FEF0AF339}"
EndProject
Project("{FAE04EC0-301F-11D3-BF4B-00C04F79EFBC}") = "Transfer", "..\Examples\Transfer\Transfer\Transfer.csproj", "{B16B2566-F4D3-4A20-9E25-0A12826DA1CE}"
EndProject
Project("{FAE04EC0-301F-11D3-BF4B-00C04F79EFBC}") = "ReusableComponentEx", "..\Examples\ReusableComponentEx\ReusableComponentEx\ReusableComponentEx.csproj", "{791CADD7-A698-4DDB-80DE-DF803C9C5D7A}"
EndProject
Project("{FAE04EC0-301F-11D3-BF4B-00C04F79EFBC}") = "RecordingExample", "..\Examples\RecordingExample\RecordingExample\RecordingExample.csproj", "{BA079EF4-669A-4CA8-BEA2-A53A9BDC11EC}"
EndProject
Project("{FAE04EC0-301F-11D3-BF4B-00C04F79EFBC}") = "HelloWorld", "..\Examples\HelloWorld\HelloWorld\HelloWorld.csproj", "{028B6EC0-C6F8-4362-9B85-C5BC20DD72E5}"
EndProject
Project("{FAE04EC0-301F-11D3-BF4B-00C04F79EFBC}") = "Menus", "..\Examples\Menus\Menus\Menus\Menus.csproj", "{3F452732-D154-4EAE-B325-1260D5CE4509}"
EndProject
Project("{FAE04EC0-301F-11D3-BF4B-00C04F79EFBC}") = "GetDateDtmf", "..\Examples\ReusableComponentEx\GetDateDtmf\GetDateDtmf.csproj", "{241FA375-E93F-4EAA-B326-F66A8AAC0B85}"
EndProject
Project("{FAE04EC0-301F-11D3-BF4B-00C04F79EFBC}") = "DynamicMenu", "..\Examples\DynamicMenu\DynamicMenu.csproj", "{D6B008BA-E43F-457E-9A5D-C71A7020721C}"
EndProject
Project("{FAE04EC0-301F-11D3-BF4B-00C04F79EFBC}") = "Survey.Voice", "..\Examples\Survey\Survey\Survey.Voice.csproj", "{C19607CE-2B69-42E1-8050-3602198DF9C2}"
EndProject
Project("{FAE04EC0-301F-11D3-BF4B-00C04F79EFBC}") = "Survey.Service", "..\Examples\Survey\Survey.Service\Survey.Service.csproj", "{48D1BE43-8695-474D-B9E4-FD752A2FF1CD}"
EndProject
Project("{FAE04EC0-301F-11D3-BF4B-00C04F79EFBC}") = "Survey.Repository", "..\Examples\Survey\Survey.Repository\Survey.Repository.csproj", "{7AD64915-37E5-454A-BEB8-A8588C2B205E}"
EndProject
Project("{FAE04EC0-301F-11D3-BF4B-00C04F79EFBC}") = "Survey.Common", "..\Examples\Survey\Survey.Common\Survey.Common.csproj", "{4ED266CC-2A39-4EFA-BE48-6A1679FB3699}"
EndProject
Project("{FAE04EC0-301F-11D3-BF4B-00C04F79EFBC}") = "Survey.Entities", "..\Examples\Survey\Survey.Entities\Survey.Entities.csproj", "{DF560A5F-CDB6-4D70-9AA4-C0A9AAB083AC}"
EndProject
Project("{FAE04EC0-301F-11D3-BF4B-00C04F79EFBC}") = "Survey.Service.Test", "..\Examples\Survey\Survey.Service.Test\Survey.Service.Test.csproj", "{0B3732F6-182F-45BB-87D5-7E564D29A9E6}"
EndProject
Global
	GlobalSection(TeamFoundationVersionControl) = preSolution
		SccNumberOfProjects = 16
		SccEnterpriseProvider = {4CA58AB2-18FA-4F8D-95D4-32DDF27D184C}
		SccTeamFoundationServer = https://tfs.codeplex.com/tfs/tfs33
		SccLocalPath0 = .
		SccProjectUniqueName1 = ..\\VoiceModel\\VoiceModel.csproj
		SccProjectName1 = ../VoiceModel
		SccLocalPath1 = ..\\VoiceModel
		SccProjectUniqueName2 = ..\\Examples\\WeatherVoice\\WeatherVoice\\WeatherVoice.csproj
		SccProjectName2 = ../Examples/WeatherVoice/WeatherVoice
		SccLocalPath2 = ..\\Examples\\WeatherVoice\\WeatherVoice
		SccProjectUniqueName3 = ..\\Examples\\Transfer\\Transfer\\Transfer.csproj
		SccProjectName3 = ../Examples/Transfer/Transfer
		SccLocalPath3 = ..\\Examples\\Transfer\\Transfer
		SccProjectUniqueName4 = ..\\Examples\\ReusableComponentEx\\ReusableComponentEx\\ReusableComponentEx.csproj
		SccProjectName4 = ../Examples/ReusableComponentEx/ReusableComponentEx
		SccLocalPath4 = ..\\Examples\\ReusableComponentEx\\ReusableComponentEx
		SccProjectUniqueName5 = ..\\Examples\\RecordingExample\\RecordingExample\\RecordingExample.csproj
		SccProjectName5 = ../Examples/RecordingExample/RecordingExample
		SccLocalPath5 = ..\\Examples\\RecordingExample\\RecordingExample
		SccProjectUniqueName6 = ..\\Examples\\HelloWorld\\HelloWorld\\HelloWorld.csproj
		SccProjectName6 = ../Examples/HelloWorld/HelloWorld
		SccLocalPath6 = ..\\Examples\\HelloWorld\\HelloWorld
		SccProjectUniqueName7 = ..\\Examples\\Menus\\Menus\\Menus\\Menus.csproj
		SccProjectName7 = ../Examples/Menus/Menus/Menus
		SccLocalPath7 = ..\\Examples\\Menus\\Menus\\Menus
		SccProjectUniqueName8 = ..\\Examples\\ReusableComponentEx\\GetDateDtmf\\GetDateDtmf.csproj
		SccProjectName8 = ../Examples/ReusableComponentEx/GetDateDtmf
		SccLocalPath8 = ..\\Examples\\ReusableComponentEx\\GetDateDtmf
		SccProjectUniqueName9 = ..\\Examples\\DynamicMenu\\DynamicMenu.csproj
		SccProjectName9 = ../Examples/DynamicMenu
		SccLocalPath9 = ..\\Examples\\DynamicMenu
		SccProjectUniqueName10 = ..\\Examples\\Survey\\Survey\\Survey.Voice.csproj
		SccProjectName10 = ../Examples/Survey/Survey
		SccLocalPath10 = ..\\Examples\\Survey\\Survey
		SccProjectUniqueName11 = ..\\Examples\\Survey\\Survey.Service\\Survey.Service.csproj
		SccProjectName11 = ../Examples/Survey/Survey.Service
		SccLocalPath11 = ..\\Examples\\Survey\\Survey.Service
		SccProjectUniqueName12 = ..\\Examples\\Survey\\Survey.Repository\\Survey.Repository.csproj
		SccProjectName12 = ../Examples/Survey/Survey.Repository
		SccLocalPath12 = ..\\Examples\\Survey\\Survey.Repository
		SccProjectUniqueName13 = ..\\Examples\\Survey\\Survey.Common\\Survey.Common.csproj
		SccProjectName13 = ../Examples/Survey/Survey.Common
		SccLocalPath13 = ..\\Examples\\Survey\\Survey.Common
		SccProjectUniqueName14 = ..\\Examples\\Survey\\Survey.Entities\\Survey.Entities.csproj
		SccProjectName14 = ../Examples/Survey/Survey.Entities
		SccLocalPath14 = ..\\Examples\\Survey\\Survey.Entities
		SccProjectUniqueName15 = ..\\Examples\\Survey\\Survey.Service.Test\\Survey.Service.Test.csproj
		SccProjectName15 = ../Examples/Survey/Survey.Service.Test
		SccLocalPath15 = ..\\Examples\\Survey\\Survey.Service.Test
	EndGlobalSection
	GlobalSection(SolutionConfigurationPlatforms) = preSolution
		Debug|Any CPU = Debug|Any CPU
		Release|Any CPU = Release|Any CPU
	EndGlobalSection
	GlobalSection(ProjectConfigurationPlatforms) = postSolution
		{C1918322-CF2F-4A20-92B2-47A938DFD8B0}.Debug|Any CPU.ActiveCfg = Debug|Any CPU
		{C1918322-CF2F-4A20-92B2-47A938DFD8B0}.Debug|Any CPU.Build.0 = Debug|Any CPU
		{C1918322-CF2F-4A20-92B2-47A938DFD8B0}.Release|Any CPU.ActiveCfg = Release|Any CPU
		{C1918322-CF2F-4A20-92B2-47A938DFD8B0}.Release|Any CPU.Build.0 = Release|Any CPU
		{1935E394-052A-477A-8A8C-379FEF0AF339}.Debug|Any CPU.ActiveCfg = Debug|Any CPU
		{1935E394-052A-477A-8A8C-379FEF0AF339}.Debug|Any CPU.Build.0 = Debug|Any CPU
		{1935E394-052A-477A-8A8C-379FEF0AF339}.Release|Any CPU.ActiveCfg = Release|Any CPU
		{1935E394-052A-477A-8A8C-379FEF0AF339}.Release|Any CPU.Build.0 = Release|Any CPU
		{B16B2566-F4D3-4A20-9E25-0A12826DA1CE}.Debug|Any CPU.ActiveCfg = Debug|Any CPU
		{B16B2566-F4D3-4A20-9E25-0A12826DA1CE}.Debug|Any CPU.Build.0 = Debug|Any CPU
		{B16B2566-F4D3-4A20-9E25-0A12826DA1CE}.Release|Any CPU.ActiveCfg = Release|Any CPU
		{B16B2566-F4D3-4A20-9E25-0A12826DA1CE}.Release|Any CPU.Build.0 = Release|Any CPU
		{791CADD7-A698-4DDB-80DE-DF803C9C5D7A}.Debug|Any CPU.ActiveCfg = Debug|Any CPU
		{791CADD7-A698-4DDB-80DE-DF803C9C5D7A}.Debug|Any CPU.Build.0 = Debug|Any CPU
		{791CADD7-A698-4DDB-80DE-DF803C9C5D7A}.Release|Any CPU.ActiveCfg = Release|Any CPU
		{791CADD7-A698-4DDB-80DE-DF803C9C5D7A}.Release|Any CPU.Build.0 = Release|Any CPU
		{BA079EF4-669A-4CA8-BEA2-A53A9BDC11EC}.Debug|Any CPU.ActiveCfg = Debug|Any CPU
		{BA079EF4-669A-4CA8-BEA2-A53A9BDC11EC}.Debug|Any CPU.Build.0 = Debug|Any CPU
		{BA079EF4-669A-4CA8-BEA2-A53A9BDC11EC}.Release|Any CPU.ActiveCfg = Release|Any CPU
		{BA079EF4-669A-4CA8-BEA2-A53A9BDC11EC}.Release|Any CPU.Build.0 = Release|Any CPU
		{028B6EC0-C6F8-4362-9B85-C5BC20DD72E5}.Debug|Any CPU.ActiveCfg = Debug|Any CPU
		{028B6EC0-C6F8-4362-9B85-C5BC20DD72E5}.Debug|Any CPU.Build.0 = Debug|Any CPU
		{028B6EC0-C6F8-4362-9B85-C5BC20DD72E5}.Release|Any CPU.ActiveCfg = Release|Any CPU
		{028B6EC0-C6F8-4362-9B85-C5BC20DD72E5}.Release|Any CPU.Build.0 = Release|Any CPU
		{3F452732-D154-4EAE-B325-1260D5CE4509}.Debug|Any CPU.ActiveCfg = Debug|Any CPU
		{3F452732-D154-4EAE-B325-1260D5CE4509}.Debug|Any CPU.Build.0 = Debug|Any CPU
		{3F452732-D154-4EAE-B325-1260D5CE4509}.Release|Any CPU.ActiveCfg = Release|Any CPU
		{3F452732-D154-4EAE-B325-1260D5CE4509}.Release|Any CPU.Build.0 = Release|Any CPU
		{241FA375-E93F-4EAA-B326-F66A8AAC0B85}.Debug|Any CPU.ActiveCfg = Debug|Any CPU
		{241FA375-E93F-4EAA-B326-F66A8AAC0B85}.Debug|Any CPU.Build.0 = Debug|Any CPU
		{241FA375-E93F-4EAA-B326-F66A8AAC0B85}.Release|Any CPU.ActiveCfg = Release|Any CPU
		{241FA375-E93F-4EAA-B326-F66A8AAC0B85}.Release|Any CPU.Build.0 = Release|Any CPU
		{D6B008BA-E43F-457E-9A5D-C71A7020721C}.Debug|Any CPU.ActiveCfg = Debug|Any CPU
		{D6B008BA-E43F-457E-9A5D-C71A7020721C}.Debug|Any CPU.Build.0 = Debug|Any CPU
		{D6B008BA-E43F-457E-9A5D-C71A7020721C}.Release|Any CPU.ActiveCfg = Release|Any CPU
		{D6B008BA-E43F-457E-9A5D-C71A7020721C}.Release|Any CPU.Build.0 = Release|Any CPU
		{C19607CE-2B69-42E1-8050-3602198DF9C2}.Debug|Any CPU.ActiveCfg = Debug|Any CPU
		{C19607CE-2B69-42E1-8050-3602198DF9C2}.Debug|Any CPU.Build.0 = Debug|Any CPU
		{C19607CE-2B69-42E1-8050-3602198DF9C2}.Release|Any CPU.ActiveCfg = Release|Any CPU
		{C19607CE-2B69-42E1-8050-3602198DF9C2}.Release|Any CPU.Build.0 = Release|Any CPU
		{48D1BE43-8695-474D-B9E4-FD752A2FF1CD}.Debug|Any CPU.ActiveCfg = Debug|Any CPU
		{48D1BE43-8695-474D-B9E4-FD752A2FF1CD}.Debug|Any CPU.Build.0 = Debug|Any CPU
		{48D1BE43-8695-474D-B9E4-FD752A2FF1CD}.Release|Any CPU.ActiveCfg = Release|Any CPU
		{48D1BE43-8695-474D-B9E4-FD752A2FF1CD}.Release|Any CPU.Build.0 = Release|Any CPU
		{7AD64915-37E5-454A-BEB8-A8588C2B205E}.Debug|Any CPU.ActiveCfg = Debug|Any CPU
		{7AD64915-37E5-454A-BEB8-A8588C2B205E}.Debug|Any CPU.Build.0 = Debug|Any CPU
		{7AD64915-37E5-454A-BEB8-A8588C2B205E}.Release|Any CPU.ActiveCfg = Release|Any CPU
		{7AD64915-37E5-454A-BEB8-A8588C2B205E}.Release|Any CPU.Build.0 = Release|Any CPU
		{4ED266CC-2A39-4EFA-BE48-6A1679FB3699}.Debug|Any CPU.ActiveCfg = Debug|Any CPU
		{4ED266CC-2A39-4EFA-BE48-6A1679FB3699}.Debug|Any CPU.Build.0 = Debug|Any CPU
		{4ED266CC-2A39-4EFA-BE48-6A1679FB3699}.Release|Any CPU.ActiveCfg = Release|Any CPU
		{4ED266CC-2A39-4EFA-BE48-6A1679FB3699}.Release|Any CPU.Build.0 = Release|Any CPU
		{DF560A5F-CDB6-4D70-9AA4-C0A9AAB083AC}.Debug|Any CPU.ActiveCfg = Debug|Any CPU
		{DF560A5F-CDB6-4D70-9AA4-C0A9AAB083AC}.Debug|Any CPU.Build.0 = Debug|Any CPU
		{DF560A5F-CDB6-4D70-9AA4-C0A9AAB083AC}.Release|Any CPU.ActiveCfg = Release|Any CPU
		{DF560A5F-CDB6-4D70-9AA4-C0A9AAB083AC}.Release|Any CPU.Build.0 = Release|Any CPU
		{0B3732F6-182F-45BB-87D5-7E564D29A9E6}.Debug|Any CPU.ActiveCfg = Debug|Any CPU
		{0B3732F6-182F-45BB-87D5-7E564D29A9E6}.Debug|Any CPU.Build.0 = Debug|Any CPU
		{0B3732F6-182F-45BB-87D5-7E564D29A9E6}.Release|Any CPU.ActiveCfg = Release|Any CPU
		{0B3732F6-182F-45BB-87D5-7E564D29A9E6}.Release|Any CPU.Build.0 = Release|Any CPU
	EndGlobalSection
	GlobalSection(SolutionProperties) = preSolution
		HideSolutionNode = FALSE
	EndGlobalSection
EndGlobal
